
Microsoft Visual Studio Solution File, Format Version 12.00
# Visual Studio Version 17
VisualStudioVersion = 17.2.32630.192
MinimumVisualStudioVersion = 10.0.40219.1
Project("{FAE04EC0-301F-11D3-BF4B-00C04F79EFBC}") = "EventAPI.UI", "EventAPI.UI\EventAPI.UI.csproj", "{8088C31B-F0E5-4B20-ADCA-88DA0C88E28A}"
EndProject
Global
	GlobalSection(SolutionConfigurationPlatforms) = preSolution
		Debug|Any CPU = Debug|Any CPU
		Release|Any CPU = Release|Any CPU
	EndGlobalSection
	GlobalSection(ProjectConfigurationPlatforms) = postSolution
		{8088C31B-F0E5-4B20-ADCA-88DA0C88E28A}.Debug|Any CPU.ActiveCfg = Debug|Any CPU
		{8088C31B-F0E5-4B20-ADCA-88DA0C88E28A}.Debug|Any CPU.Build.0 = Debug|Any CPU
		{8088C31B-F0E5-4B20-ADCA-88DA0C88E28A}.Release|Any CPU.ActiveCfg = Release|Any CPU
		{8088C31B-F0E5-4B20-ADCA-88DA0C88E28A}.Release|Any CPU.Build.0 = Release|Any CPU
	EndGlobalSection
	GlobalSection(SolutionProperties) = preSolution
		HideSolutionNode = FALSE
	EndGlobalSection
	GlobalSection(ExtensibilityGlobals) = postSolution
		SolutionGuid = {B2D8155A-7951-4052-B979-181B69A62B91}
	EndGlobalSection
EndGlobal
